
Microsoft Visual Studio Solution File, Format Version 12.00
# Visual Studio Version 17
VisualStudioVersion = 17.9.34701.34
MinimumVisualStudioVersion = 10.0.40219.1
Project("{FAE04EC0-301F-11D3-BF4B-00C04F79EFBC}") = "myapp", "myapp.csproj", "{31BC539C-F709-4AF5-9AEE-04E2AABBDE93}"
EndProject
Global
	GlobalSection(SolutionConfigurationPlatforms) = preSolution
		Debug|Any CPU = Debug|Any CPU
		Release|Any CPU = Release|Any CPU
	EndGlobalSection
	GlobalSection(ProjectConfigurationPlatforms) = postSolution
		{31BC539C-F709-4AF5-9AEE-04E2AABBDE93}.Debug|Any CPU.ActiveCfg = Debug|Any CPU
		{31BC539C-F709-4AF5-9AEE-04E2AABBDE93}.Debug|Any CPU.Build.0 = Debug|Any CPU
		{31BC539C-F709-4AF5-9AEE-04E2AABBDE93}.Release|Any CPU.ActiveCfg = Release|Any CPU
		{31BC539C-F709-4AF5-9AEE-04E2AABBDE93}.Release|Any CPU.Build.0 = Release|Any CPU
	EndGlobalSection
	GlobalSection(SolutionProperties) = preSolution
		HideSolutionNode = FALSE
	EndGlobalSection
	GlobalSection(ExtensibilityGlobals) = postSolution
		SolutionGuid = {DF904974-6400-4291-B9C6-4D84E2FFE605}
	EndGlobalSection
EndGlobal
